
Microsoft Visual Studio Solution File, Format Version 12.00
# Visual Studio 15
VisualStudioVersion = 15.0.26430.14
MinimumVisualStudioVersion = 10.0.40219.1
Project("{FAE04EC0-301F-11D3-BF4B-00C04F79EFBC}") = "QueryScoreBoard.Presentation", "QueryScoreBoard.Presentation\QueryScoreBoard.Presentation.csproj", "{261B9D5D-9D68-45F4-8627-B545D74A86E6}"
EndProject
Project("{FAE04EC0-301F-11D3-BF4B-00C04F79EFBC}") = "QueryScoreBoard.Core", "QueryScoreBoard.Core\QueryScoreBoard.Core.csproj", "{F002A16C-62BC-4F5A-9036-A637E651F79B}"
EndProject
Project("{FAE04EC0-301F-11D3-BF4B-00C04F79EFBC}") = "QueryScoreBoard.Repository", "QueryScoreBoard.Repository\QueryScoreBoard.Repository.csproj", "{27659426-FB52-4F8A-88CF-3F0AE36304B1}"
EndProject
Project("{FAE04EC0-301F-11D3-BF4B-00C04F79EFBC}") = "QueryScoreBoard.Tests", "QueryScoreBoard.Tests\QueryScoreBoard.Tests.csproj", "{2CEF23B2-14E0-4A2C-920B-8460A49F30F8}"
EndProject
Project("{FAE04EC0-301F-11D3-BF4B-00C04F79EFBC}") = "QueryScoreBoard.Domain", "QueryScoreBoard.Domain\QueryScoreBoard.Domain.csproj", "{891DD448-3A9F-4E82-942B-42DE401C6003}"
EndProject
Project("{FAE04EC0-301F-11D3-BF4B-00C04F79EFBC}") = "QueryScoreBoard.Analyzer", "QueryScoreBoard.Analyzer\QueryScoreBoard.Analyzer.csproj", "{29C03EF2-92D2-4104-B105-C860B4FCC8B6}"
EndProject
Global
	GlobalSection(SolutionConfigurationPlatforms) = preSolution
		Debug|Any CPU = Debug|Any CPU
		Release|Any CPU = Release|Any CPU
	EndGlobalSection
	GlobalSection(ProjectConfigurationPlatforms) = postSolution
		{261B9D5D-9D68-45F4-8627-B545D74A86E6}.Debug|Any CPU.ActiveCfg = Debug|Any CPU
		{261B9D5D-9D68-45F4-8627-B545D74A86E6}.Debug|Any CPU.Build.0 = Debug|Any CPU
		{261B9D5D-9D68-45F4-8627-B545D74A86E6}.Release|Any CPU.ActiveCfg = Release|Any CPU
		{261B9D5D-9D68-45F4-8627-B545D74A86E6}.Release|Any CPU.Build.0 = Release|Any CPU
		{F002A16C-62BC-4F5A-9036-A637E651F79B}.Debug|Any CPU.ActiveCfg = Debug|Any CPU
		{F002A16C-62BC-4F5A-9036-A637E651F79B}.Debug|Any CPU.Build.0 = Debug|Any CPU
		{F002A16C-62BC-4F5A-9036-A637E651F79B}.Release|Any CPU.ActiveCfg = Release|Any CPU
		{F002A16C-62BC-4F5A-9036-A637E651F79B}.Release|Any CPU.Build.0 = Release|Any CPU
		{27659426-FB52-4F8A-88CF-3F0AE36304B1}.Debug|Any CPU.ActiveCfg = Debug|Any CPU
		{27659426-FB52-4F8A-88CF-3F0AE36304B1}.Debug|Any CPU.Build.0 = Debug|Any CPU
		{27659426-FB52-4F8A-88CF-3F0AE36304B1}.Release|Any CPU.ActiveCfg = Release|Any CPU
		{27659426-FB52-4F8A-88CF-3F0AE36304B1}.Release|Any CPU.Build.0 = Release|Any CPU
		{2CEF23B2-14E0-4A2C-920B-8460A49F30F8}.Debug|Any CPU.ActiveCfg = Debug|Any CPU
		{2CEF23B2-14E0-4A2C-920B-8460A49F30F8}.Debug|Any CPU.Build.0 = Debug|Any CPU
		{2CEF23B2-14E0-4A2C-920B-8460A49F30F8}.Release|Any CPU.ActiveCfg = Release|Any CPU
		{2CEF23B2-14E0-4A2C-920B-8460A49F30F8}.Release|Any CPU.Build.0 = Release|Any CPU
		{891DD448-3A9F-4E82-942B-42DE401C6003}.Debug|Any CPU.ActiveCfg = Debug|Any CPU
		{891DD448-3A9F-4E82-942B-42DE401C6003}.Debug|Any CPU.Build.0 = Debug|Any CPU
		{891DD448-3A9F-4E82-942B-42DE401C6003}.Release|Any CPU.ActiveCfg = Release|Any CPU
		{891DD448-3A9F-4E82-942B-42DE401C6003}.Release|Any CPU.Build.0 = Release|Any CPU
		{29C03EF2-92D2-4104-B105-C860B4FCC8B6}.Debug|Any CPU.ActiveCfg = Debug|Any CPU
		{29C03EF2-92D2-4104-B105-C860B4FCC8B6}.Debug|Any CPU.Build.0 = Debug|Any CPU
		{29C03EF2-92D2-4104-B105-C860B4FCC8B6}.Release|Any CPU.ActiveCfg = Release|Any CPU
		{29C03EF2-92D2-4104-B105-C860B4FCC8B6}.Release|Any CPU.Build.0 = Release|Any CPU
	EndGlobalSection
	GlobalSection(SolutionProperties) = preSolution
		HideSolutionNode = FALSE
	EndGlobalSection
EndGlobal
