
Microsoft Visual Studio Solution File, Format Version 12.00
# Visual Studio 15
VisualStudioVersion = 15.0.26430.16
MinimumVisualStudioVersion = 10.0.40219.1
Project("{9A19103F-16F7-4668-BE54-9A1E7A4F7556}") = "QueryScoreBoard", "QueryScoreBoard\QueryScoreBoard.csproj", "{6C2614E3-5788-4C97-BB5A-CD5C611C3705}"
EndProject
Project("{9A19103F-16F7-4668-BE54-9A1E7A4F7556}") = "QueryScoreBoard.Core", "QueryScoreBoard.Core\QueryScoreBoard.Core.csproj", "{91867AC1-05B6-4C3E-9F68-20AC0D125E90}"
EndProject
Project("{9A19103F-16F7-4668-BE54-9A1E7A4F7556}") = "QueryScoreBoard.Analyzer", "QueryScoreBoard.Analyzer\QueryScoreBoard.Analyzer.csproj", "{5AFF5AB5-A234-4E82-80F0-9BFED53113F2}"
EndProject
Project("{FAE04EC0-301F-11D3-BF4B-00C04F79EFBC}") = "QueryScoreBoard.Presentation", "QueryScoreBoard.Interface\QueryScoreBoard.Presentation.csproj", "{A8303D3C-F0BE-4843-A027-B2835B09E04D}"
EndProject
Project("{FAE04EC0-301F-11D3-BF4B-00C04F79EFBC}") = "QueryScoreBoard.Tests", "QueryScoreBoard.Tests\QueryScoreBoard.Tests.csproj", "{0911EF15-04EB-4B50-98B4-A5BDD6502409}"
EndProject
Global
	GlobalSection(SolutionConfigurationPlatforms) = preSolution
		Debug|Any CPU = Debug|Any CPU
		Release|Any CPU = Release|Any CPU
	EndGlobalSection
	GlobalSection(ProjectConfigurationPlatforms) = postSolution
		{6C2614E3-5788-4C97-BB5A-CD5C611C3705}.Debug|Any CPU.ActiveCfg = Debug|Any CPU
		{6C2614E3-5788-4C97-BB5A-CD5C611C3705}.Debug|Any CPU.Build.0 = Debug|Any CPU
		{6C2614E3-5788-4C97-BB5A-CD5C611C3705}.Release|Any CPU.ActiveCfg = Release|Any CPU
		{6C2614E3-5788-4C97-BB5A-CD5C611C3705}.Release|Any CPU.Build.0 = Release|Any CPU
		{91867AC1-05B6-4C3E-9F68-20AC0D125E90}.Debug|Any CPU.ActiveCfg = Debug|Any CPU
		{91867AC1-05B6-4C3E-9F68-20AC0D125E90}.Debug|Any CPU.Build.0 = Debug|Any CPU
		{91867AC1-05B6-4C3E-9F68-20AC0D125E90}.Release|Any CPU.ActiveCfg = Release|Any CPU
		{91867AC1-05B6-4C3E-9F68-20AC0D125E90}.Release|Any CPU.Build.0 = Release|Any CPU
		{5AFF5AB5-A234-4E82-80F0-9BFED53113F2}.Debug|Any CPU.ActiveCfg = Debug|Any CPU
		{5AFF5AB5-A234-4E82-80F0-9BFED53113F2}.Debug|Any CPU.Build.0 = Debug|Any CPU
		{5AFF5AB5-A234-4E82-80F0-9BFED53113F2}.Release|Any CPU.ActiveCfg = Release|Any CPU
		{5AFF5AB5-A234-4E82-80F0-9BFED53113F2}.Release|Any CPU.Build.0 = Release|Any CPU
		{A8303D3C-F0BE-4843-A027-B2835B09E04D}.Debug|Any CPU.ActiveCfg = Debug|Any CPU
		{A8303D3C-F0BE-4843-A027-B2835B09E04D}.Debug|Any CPU.Build.0 = Debug|Any CPU
		{A8303D3C-F0BE-4843-A027-B2835B09E04D}.Release|Any CPU.ActiveCfg = Release|Any CPU
		{A8303D3C-F0BE-4843-A027-B2835B09E04D}.Release|Any CPU.Build.0 = Release|Any CPU
		{0911EF15-04EB-4B50-98B4-A5BDD6502409}.Debug|Any CPU.ActiveCfg = Debug|Any CPU
		{0911EF15-04EB-4B50-98B4-A5BDD6502409}.Debug|Any CPU.Build.0 = Debug|Any CPU
		{0911EF15-04EB-4B50-98B4-A5BDD6502409}.Release|Any CPU.ActiveCfg = Release|Any CPU
		{0911EF15-04EB-4B50-98B4-A5BDD6502409}.Release|Any CPU.Build.0 = Release|Any CPU
	EndGlobalSection
	GlobalSection(SolutionProperties) = preSolution
		HideSolutionNode = FALSE
	EndGlobalSection
EndGlobal
